// !$*UTF8*$!
{
	archiveVersion = 1;
	classes = {
	};
	objectVersion = 50;
	objects = {

/* Begin PBXFileReference section */
		FAD3FD2921BEABAA0043DADB /* index.html */ = {isa = PBXFileReference; lastKnownFileType = text.html; path = index.html; sourceTree = "<group>"; };
		FAD3FD2A21BEABC00043DADB /* style.css */ = {isa = PBXFileReference; lastKnownFileType = text.css; path = style.css; sourceTree = "<group>"; };
/* End PBXFileReference section */

/* Begin PBXGroup section */
		FAD3FD2221BEAB910043DADB = {
			isa = PBXGroup;
			children = (
				FAD3FD2921BEABAA0043DADB /* index.html */,
				FAD3FD2A21BEABC00043DADB /* style.css */,
			);
			sourceTree = "<group>";
		};
/* End PBXGroup section */

/* Begin PBXProject section */
		FAD3FD2321BEAB910043DADB /* Project object */ = {
			isa = PBXProject;
			attributes = {
				LastUpgradeCheck = 1010;
			};
			buildConfigurationList = FAD3FD2621BEAB910043DADB /* Build configuration list for PBXProject "TP GIT" */;
			compatibilityVersion = "Xcode 9.3";
			developmentRegion = en;
			hasScannedForEncodings = 0;
			knownRegions = (
				en,
			);
			mainGroup = FAD3FD2221BEAB910043DADB;
			projectDirPath = "";
			projectRoot = "";
			targets = (
			);
		};
/* End PBXProject section */

/* Begin XCBuildConfiguration section */
		FAD3FD2721BEAB910043DADB /* Debug */ = {
			isa = XCBuildConfiguration;
			buildSettings = {
			};
			name = Debug;
		};
		FAD3FD2821BEAB910043DADB /* Release */ = {
			isa = XCBuildConfiguration;
			buildSettings = {
			};
			name = Release;
		};
/* End XCBuildConfiguration section */

/* Begin XCConfigurationList section */
		FAD3FD2621BEAB910043DADB /* Build configuration list for PBXProject "TP GIT" */ = {
			isa = XCConfigurationList;
			buildConfigurations = (
				FAD3FD2721BEAB910043DADB /* Debug */,
				FAD3FD2821BEAB910043DADB /* Release */,
			);
			defaultConfigurationIsVisible = 0;
			defaultConfigurationName = Release;
		};
/* End XCConfigurationList section */
	};
	rootObject = FAD3FD2321BEAB910043DADB /* Project object */;
}
